
Microsoft Visual Studio Solution File, Format Version 12.00
# Visual Studio 15
Project("{FAE04EC0-301F-11D3-BF4B-00C04F79EFBC}") = "Project", "Project.csproj", "{5951B904-25A9-A659-AD30-2A44DE20FCBD}"
EndProject
Project("{FAE04EC0-301F-11D3-BF4B-00C04F79EFBC}") = "FeiTests", "FeiTests.csproj", "{D19E3436-A6EA-D160-E11C-37BB3D89AE6F}"
EndProject
Global
	GlobalSection(SolutionConfigurationPlatforms) = preSolution
		Debug|Any CPU = Debug|Any CPU
		Release|Any CPU = Release|Any CPU
	EndGlobalSection
	GlobalSection(ProjectConfigurationPlatforms) = postSolution
		{5951B904-25A9-A659-AD30-2A44DE20FCBD}.Debug|Any CPU.ActiveCfg = Debug|Any CPU
		{5951B904-25A9-A659-AD30-2A44DE20FCBD}.Debug|Any CPU.Build.0 = Debug|Any CPU
		{5951B904-25A9-A659-AD30-2A44DE20FCBD}.Release|Any CPU.ActiveCfg = Release|Any CPU
		{5951B904-25A9-A659-AD30-2A44DE20FCBD}.Release|Any CPU.Build.0 = Release|Any CPU
		{D19E3436-A6EA-D160-E11C-37BB3D89AE6F}.Debug|Any CPU.ActiveCfg = Debug|Any CPU
		{D19E3436-A6EA-D160-E11C-37BB3D89AE6F}.Debug|Any CPU.Build.0 = Debug|Any CPU
		{D19E3436-A6EA-D160-E11C-37BB3D89AE6F}.Release|Any CPU.ActiveCfg = Release|Any CPU
		{D19E3436-A6EA-D160-E11C-37BB3D89AE6F}.Release|Any CPU.Build.0 = Release|Any CPU
	EndGlobalSection
	GlobalSection(SolutionProperties) = preSolution
		HideSolutionNode = FALSE
	EndGlobalSection
EndGlobal
